
Microsoft Visual Studio Solution File, Format Version 12.00
# Visual Studio Version 16
VisualStudioVersion = 16.0.31313.79
MinimumVisualStudioVersion = 10.0.40219.1
Project("{FAE04EC0-301F-11D3-BF4B-00C04F79EFBC}") = "enum", "enum\enum.csproj", "{BDB36378-E970-4791-9A5B-9DD4BDD294FB}"
EndProject
Project("{FAE04EC0-301F-11D3-BF4B-00C04F79EFBC}") = "Lists", "Lists\Lists.csproj", "{673D88B2-EEB8-466C-B69E-EA9FC1F07670}"
EndProject
Project("{FAE04EC0-301F-11D3-BF4B-00C04F79EFBC}") = "queue", "queue\queue.csproj", "{2AA42F53-3A86-40D1-B568-F6CF6A2A2732}"
EndProject
Project("{FAE04EC0-301F-11D3-BF4B-00C04F79EFBC}") = "stack", "Stack\stack.csproj", "{8AD36690-28AE-4D69-93BE-71C5D1E38A23}"
EndProject
Project("{FAE04EC0-301F-11D3-BF4B-00C04F79EFBC}") = "dictionary", "dictionary\dictionary.csproj", "{A970E0BA-6C9D-4DC6-827D-B5354D34196F}"
EndProject
Project("{FAE04EC0-301F-11D3-BF4B-00C04F79EFBC}") = "conditional-statements", "conditional-statements\conditional-statements.csproj", "{B27907B7-6695-4BEB-9CE6-0AD70F643123}"
EndProject
Global
	GlobalSection(SolutionConfigurationPlatforms) = preSolution
		Debug|Any CPU = Debug|Any CPU
		Release|Any CPU = Release|Any CPU
	EndGlobalSection
	GlobalSection(ProjectConfigurationPlatforms) = postSolution
		{BDB36378-E970-4791-9A5B-9DD4BDD294FB}.Debug|Any CPU.ActiveCfg = Debug|Any CPU
		{BDB36378-E970-4791-9A5B-9DD4BDD294FB}.Debug|Any CPU.Build.0 = Debug|Any CPU
		{BDB36378-E970-4791-9A5B-9DD4BDD294FB}.Release|Any CPU.ActiveCfg = Release|Any CPU
		{BDB36378-E970-4791-9A5B-9DD4BDD294FB}.Release|Any CPU.Build.0 = Release|Any CPU
		{673D88B2-EEB8-466C-B69E-EA9FC1F07670}.Debug|Any CPU.ActiveCfg = Debug|Any CPU
		{673D88B2-EEB8-466C-B69E-EA9FC1F07670}.Debug|Any CPU.Build.0 = Debug|Any CPU
		{673D88B2-EEB8-466C-B69E-EA9FC1F07670}.Release|Any CPU.ActiveCfg = Release|Any CPU
		{673D88B2-EEB8-466C-B69E-EA9FC1F07670}.Release|Any CPU.Build.0 = Release|Any CPU
		{2AA42F53-3A86-40D1-B568-F6CF6A2A2732}.Debug|Any CPU.ActiveCfg = Debug|Any CPU
		{2AA42F53-3A86-40D1-B568-F6CF6A2A2732}.Debug|Any CPU.Build.0 = Debug|Any CPU
		{2AA42F53-3A86-40D1-B568-F6CF6A2A2732}.Release|Any CPU.ActiveCfg = Release|Any CPU
		{2AA42F53-3A86-40D1-B568-F6CF6A2A2732}.Release|Any CPU.Build.0 = Release|Any CPU
		{8AD36690-28AE-4D69-93BE-71C5D1E38A23}.Debug|Any CPU.ActiveCfg = Debug|Any CPU
		{8AD36690-28AE-4D69-93BE-71C5D1E38A23}.Debug|Any CPU.Build.0 = Debug|Any CPU
		{8AD36690-28AE-4D69-93BE-71C5D1E38A23}.Release|Any CPU.ActiveCfg = Release|Any CPU
		{8AD36690-28AE-4D69-93BE-71C5D1E38A23}.Release|Any CPU.Build.0 = Release|Any CPU
		{A970E0BA-6C9D-4DC6-827D-B5354D34196F}.Debug|Any CPU.ActiveCfg = Debug|Any CPU
		{A970E0BA-6C9D-4DC6-827D-B5354D34196F}.Debug|Any CPU.Build.0 = Debug|Any CPU
		{A970E0BA-6C9D-4DC6-827D-B5354D34196F}.Release|Any CPU.ActiveCfg = Release|Any CPU
		{A970E0BA-6C9D-4DC6-827D-B5354D34196F}.Release|Any CPU.Build.0 = Release|Any CPU
		{B27907B7-6695-4BEB-9CE6-0AD70F643123}.Debug|Any CPU.ActiveCfg = Debug|Any CPU
		{B27907B7-6695-4BEB-9CE6-0AD70F643123}.Debug|Any CPU.Build.0 = Debug|Any CPU
		{B27907B7-6695-4BEB-9CE6-0AD70F643123}.Release|Any CPU.ActiveCfg = Release|Any CPU
		{B27907B7-6695-4BEB-9CE6-0AD70F643123}.Release|Any CPU.Build.0 = Release|Any CPU
	EndGlobalSection
	GlobalSection(SolutionProperties) = preSolution
		HideSolutionNode = FALSE
	EndGlobalSection
	GlobalSection(ExtensibilityGlobals) = postSolution
		SolutionGuid = {E209EF12-1FC2-454A-8811-F86B2A74FD56}
	EndGlobalSection
EndGlobal
